
Microsoft Visual Studio Solution File, Format Version 12.00
# Visual Studio Version 17
VisualStudioVersion = 17.9.34902.65
MinimumVisualStudioVersion = 10.0.40219.1
Project("{FAE04EC0-301F-11D3-BF4B-00C04F79EFBC}") = "C42-G02-OOP01", "C42-G02-OOP01\C42-G02-OOP01.csproj", "{040107DC-48BD-48B6-A48B-269F4D60503B}"
EndProject
Project("{FAE04EC0-301F-11D3-BF4B-00C04F79EFBC}") = "Demo", "Demo\Demo.csproj", "{189669CA-DB63-4742-B973-F1537A7DE8B0}"
EndProject
Global
	GlobalSection(SolutionConfigurationPlatforms) = preSolution
		Debug|Any CPU = Debug|Any CPU
		Release|Any CPU = Release|Any CPU
	EndGlobalSection
	GlobalSection(ProjectConfigurationPlatforms) = postSolution
		{040107DC-48BD-48B6-A48B-269F4D60503B}.Debug|Any CPU.ActiveCfg = Debug|Any CPU
		{040107DC-48BD-48B6-A48B-269F4D60503B}.Debug|Any CPU.Build.0 = Debug|Any CPU
		{040107DC-48BD-48B6-A48B-269F4D60503B}.Release|Any CPU.ActiveCfg = Release|Any CPU
		{040107DC-48BD-48B6-A48B-269F4D60503B}.Release|Any CPU.Build.0 = Release|Any CPU
		{189669CA-DB63-4742-B973-F1537A7DE8B0}.Debug|Any CPU.ActiveCfg = Debug|Any CPU
		{189669CA-DB63-4742-B973-F1537A7DE8B0}.Debug|Any CPU.Build.0 = Debug|Any CPU
		{189669CA-DB63-4742-B973-F1537A7DE8B0}.Release|Any CPU.ActiveCfg = Release|Any CPU
		{189669CA-DB63-4742-B973-F1537A7DE8B0}.Release|Any CPU.Build.0 = Release|Any CPU
	EndGlobalSection
	GlobalSection(SolutionProperties) = preSolution
		HideSolutionNode = FALSE
	EndGlobalSection
	GlobalSection(ExtensibilityGlobals) = postSolution
		SolutionGuid = {B3CE88B7-1DCC-4B7A-B14B-05DC88B77CCE}
	EndGlobalSection
EndGlobal
